
Microsoft Visual Studio Solution File, Format Version 12.00
# Visual Studio Version 16
VisualStudioVersion = 16.0.32929.386
MinimumVisualStudioVersion = 10.0.40219.1
Project("{FAE04EC0-301F-11D3-BF4B-00C04F79EFBC}") = "demo", "demo.csproj", "{91A2EB07-0D6B-4082-92FE-FBC2E6EA76AD}"
EndProject
Global
	GlobalSection(SolutionConfigurationPlatforms) = preSolution
		Debug|Any CPU = Debug|Any CPU
		Release|Any CPU = Release|Any CPU
	EndGlobalSection
	GlobalSection(ProjectConfigurationPlatforms) = postSolution
		{91A2EB07-0D6B-4082-92FE-FBC2E6EA76AD}.Debug|Any CPU.ActiveCfg = Debug|Any CPU
		{91A2EB07-0D6B-4082-92FE-FBC2E6EA76AD}.Debug|Any CPU.Build.0 = Debug|Any CPU
		{91A2EB07-0D6B-4082-92FE-FBC2E6EA76AD}.Release|Any CPU.ActiveCfg = Release|Any CPU
		{91A2EB07-0D6B-4082-92FE-FBC2E6EA76AD}.Release|Any CPU.Build.0 = Release|Any CPU
	EndGlobalSection
	GlobalSection(SolutionProperties) = preSolution
		HideSolutionNode = FALSE
	EndGlobalSection
	GlobalSection(ExtensibilityGlobals) = postSolution
		SolutionGuid = {C75484AA-3E14-4C03-97A6-3641D10E829F}
	EndGlobalSection
EndGlobal
